{
  "name": "node-qt5",
  "version": "0.0.1",
  "lockfileVersion": 1,
  "requires": true,
  "dependencies": {
    "nan": {
      "version": "2.10.0",
      "resolved": "https://registry.npmjs.org/nan/-/nan-2.10.0.tgz",
      "integrity": "sha512-bAdJv7fBLhWC+/Bls0Oza+mvTaNQtP+1RyhhhvD95pgUJz6XM5IzgmxOkItJ9tkoCiplvAnXI1tNmmUD/eScyA=="
    },
    "shelljs": {
      "version": "0.0.5-pre4",
      "resolved": "https://registry.npmjs.org/shelljs/-/shelljs-0.0.5pre4.tgz",
      "integrity": "sha1-E/NyzJg5GRzz4bGoam4JTrM5o9o="
    }
  }
}
